
Microsoft Visual Studio Solution File, Format Version 12.00
# Visual Studio 2013
VisualStudioVersion = 12.0.31101.0
MinimumVisualStudioVersion = 10.0.40219.1
Project("{FAE04EC0-301F-11D3-BF4B-00C04F79EFBC}") = "PessoasN", "PessoasN\PessoasN.csproj", "{33656F21-3FDA-4BE2-BD29-C8D818D0DB52}"
EndProject
Project("{FAE04EC0-301F-11D3-BF4B-00C04F79EFBC}") = "PessoaTeste", "PessoaTeste\PessoaTeste.csproj", "{AD14181A-2DCF-43DD-9FF2-1490DA9052E6}"
EndProject
Global
	GlobalSection(SolutionConfigurationPlatforms) = preSolution
		Debug|Any CPU = Debug|Any CPU
		Release|Any CPU = Release|Any CPU
	EndGlobalSection
	GlobalSection(ProjectConfigurationPlatforms) = postSolution
		{33656F21-3FDA-4BE2-BD29-C8D818D0DB52}.Debug|Any CPU.ActiveCfg = Debug|Any CPU
		{33656F21-3FDA-4BE2-BD29-C8D818D0DB52}.Debug|Any CPU.Build.0 = Debug|Any CPU
		{33656F21-3FDA-4BE2-BD29-C8D818D0DB52}.Release|Any CPU.ActiveCfg = Release|Any CPU
		{33656F21-3FDA-4BE2-BD29-C8D818D0DB52}.Release|Any CPU.Build.0 = Release|Any CPU
		{AD14181A-2DCF-43DD-9FF2-1490DA9052E6}.Debug|Any CPU.ActiveCfg = Debug|Any CPU
		{AD14181A-2DCF-43DD-9FF2-1490DA9052E6}.Debug|Any CPU.Build.0 = Debug|Any CPU
		{AD14181A-2DCF-43DD-9FF2-1490DA9052E6}.Release|Any CPU.ActiveCfg = Release|Any CPU
		{AD14181A-2DCF-43DD-9FF2-1490DA9052E6}.Release|Any CPU.Build.0 = Release|Any CPU
	EndGlobalSection
	GlobalSection(SolutionProperties) = preSolution
		HideSolutionNode = FALSE
	EndGlobalSection
EndGlobal
