
Microsoft Visual Studio Solution File, Format Version 12.00
# Visual Studio 2013
VisualStudioVersion = 12.0.31101.0
MinimumVisualStudioVersion = 10.0.40219.1
Project("{FAE04EC0-301F-11D3-BF4B-00C04F79EFBC}") = "PessoasN", "PessoasN\PessoasN.csproj", "{33656F21-3FDA-4BE2-BD29-C8D818D0DB52}"
EndProject
Project("{FAE04EC0-301F-11D3-BF4B-00C04F79EFBC}") = "PessoaTeste", "PessoaTeste\PessoaTeste.csproj", "{AD14181A-2DCF-43DD-9FF2-1490DA9052E6}"
EndProject
Project("{FAE04EC0-301F-11D3-BF4B-00C04F79EFBC}") = "ExemploADO", "ExemploADO\ExemploADO.csproj", "{68336A67-BFC7-4E8E-B6FE-C39C519B3DB0}"
EndProject
Project("{FAE04EC0-301F-11D3-BF4B-00C04F79EFBC}") = "ExemploADO_Teste", "ExemploADO_Teste\ExemploADO_Teste.csproj", "{7C8B0B55-0604-4CAB-98E5-3A1D1C147300}"
EndProject
Project("{2150E333-8FDC-42A3-9474-1A3956D46DE8}") = "Util", "Util", "{FC74332D-797B-472B-B67F-9543497F9B70}"
	ProjectSection(SolutionItems) = preProject
		Util\CriaBancoDados.sql = Util\CriaBancoDados.sql
	EndProjectSection
EndProject
Global
	GlobalSection(SolutionConfigurationPlatforms) = preSolution
		Debug|Any CPU = Debug|Any CPU
		Release|Any CPU = Release|Any CPU
	EndGlobalSection
	GlobalSection(ProjectConfigurationPlatforms) = postSolution
		{33656F21-3FDA-4BE2-BD29-C8D818D0DB52}.Debug|Any CPU.ActiveCfg = Debug|Any CPU
		{33656F21-3FDA-4BE2-BD29-C8D818D0DB52}.Debug|Any CPU.Build.0 = Debug|Any CPU
		{33656F21-3FDA-4BE2-BD29-C8D818D0DB52}.Release|Any CPU.ActiveCfg = Release|Any CPU
		{33656F21-3FDA-4BE2-BD29-C8D818D0DB52}.Release|Any CPU.Build.0 = Release|Any CPU
		{AD14181A-2DCF-43DD-9FF2-1490DA9052E6}.Debug|Any CPU.ActiveCfg = Debug|Any CPU
		{AD14181A-2DCF-43DD-9FF2-1490DA9052E6}.Debug|Any CPU.Build.0 = Debug|Any CPU
		{AD14181A-2DCF-43DD-9FF2-1490DA9052E6}.Release|Any CPU.ActiveCfg = Release|Any CPU
		{AD14181A-2DCF-43DD-9FF2-1490DA9052E6}.Release|Any CPU.Build.0 = Release|Any CPU
		{68336A67-BFC7-4E8E-B6FE-C39C519B3DB0}.Debug|Any CPU.ActiveCfg = Debug|Any CPU
		{68336A67-BFC7-4E8E-B6FE-C39C519B3DB0}.Debug|Any CPU.Build.0 = Debug|Any CPU
		{68336A67-BFC7-4E8E-B6FE-C39C519B3DB0}.Release|Any CPU.ActiveCfg = Release|Any CPU
		{68336A67-BFC7-4E8E-B6FE-C39C519B3DB0}.Release|Any CPU.Build.0 = Release|Any CPU
		{7C8B0B55-0604-4CAB-98E5-3A1D1C147300}.Debug|Any CPU.ActiveCfg = Debug|Any CPU
		{7C8B0B55-0604-4CAB-98E5-3A1D1C147300}.Debug|Any CPU.Build.0 = Debug|Any CPU
		{7C8B0B55-0604-4CAB-98E5-3A1D1C147300}.Release|Any CPU.ActiveCfg = Release|Any CPU
		{7C8B0B55-0604-4CAB-98E5-3A1D1C147300}.Release|Any CPU.Build.0 = Release|Any CPU
	EndGlobalSection
	GlobalSection(SolutionProperties) = preSolution
		HideSolutionNode = FALSE
	EndGlobalSection
EndGlobal
